
Microsoft Visual Studio Solution File, Format Version 12.00
# Visual Studio Version 17
VisualStudioVersion = 17.2.32616.157
MinimumVisualStudioVersion = 10.0.40219.1
Project("{FAE04EC0-301F-11D3-BF4B-00C04F79EFBC}") = "RecipeAPI", "RecipeAPI\RecipeAPI.csproj", "{AD59858D-7BE2-4604-87A4-F6A475BFD82D}"
EndProject
Project("{FAE04EC0-301F-11D3-BF4B-00C04F79EFBC}") = "ClientConsole", "ClientConsole\ClientConsole.csproj", "{1DA9345C-F06B-4D0F-A73F-694CC1318F5A}"
EndProject
Global
	GlobalSection(SolutionConfigurationPlatforms) = preSolution
		Debug|Any CPU = Debug|Any CPU
		Release|Any CPU = Release|Any CPU
	EndGlobalSection
	GlobalSection(ProjectConfigurationPlatforms) = postSolution
		{AD59858D-7BE2-4604-87A4-F6A475BFD82D}.Debug|Any CPU.ActiveCfg = Debug|Any CPU
		{AD59858D-7BE2-4604-87A4-F6A475BFD82D}.Debug|Any CPU.Build.0 = Debug|Any CPU
		{AD59858D-7BE2-4604-87A4-F6A475BFD82D}.Release|Any CPU.ActiveCfg = Release|Any CPU
		{AD59858D-7BE2-4604-87A4-F6A475BFD82D}.Release|Any CPU.Build.0 = Release|Any CPU
		{1DA9345C-F06B-4D0F-A73F-694CC1318F5A}.Debug|Any CPU.ActiveCfg = Debug|Any CPU
		{1DA9345C-F06B-4D0F-A73F-694CC1318F5A}.Debug|Any CPU.Build.0 = Debug|Any CPU
		{1DA9345C-F06B-4D0F-A73F-694CC1318F5A}.Release|Any CPU.ActiveCfg = Release|Any CPU
		{1DA9345C-F06B-4D0F-A73F-694CC1318F5A}.Release|Any CPU.Build.0 = Release|Any CPU
	EndGlobalSection
	GlobalSection(SolutionProperties) = preSolution
		HideSolutionNode = FALSE
	EndGlobalSection
	GlobalSection(ExtensibilityGlobals) = postSolution
		SolutionGuid = {CF994741-C0B3-47E7-9448-8B88393BB03B}
	EndGlobalSection
EndGlobal
